{
  "object": {
    "pins": [
      {
        "package": "Chip8Emulator",
        "repositoryURL": "https://github.com/ryanggrey/Chip8EmulatorPackage",
        "state": {
          "branch": null,
          "revision": "c4a1a6002c3fae8193236f78d6d73af3e301ef27",
          "version": "0.0.9"
        }
      }
    ]
  },
  "version": 1
}
